
Microsoft Visual Studio Solution File, Format Version 12.00
# Visual Studio 2012
Project("{FAE04EC0-301F-11D3-BF4B-00C04F79EFBC}") = "scrape", "scrape\scrape.csproj", "{803BB1A9-A2EA-4B09-8859-631A914F9180}"
EndProject
Global
	GlobalSection(SolutionConfigurationPlatforms) = preSolution
		Debug|Any CPU = Debug|Any CPU
		Release|Any CPU = Release|Any CPU
	EndGlobalSection
	GlobalSection(ProjectConfigurationPlatforms) = postSolution
		{803BB1A9-A2EA-4B09-8859-631A914F9180}.Debug|Any CPU.ActiveCfg = Debug|Any CPU
		{803BB1A9-A2EA-4B09-8859-631A914F9180}.Debug|Any CPU.Build.0 = Debug|Any CPU
		{803BB1A9-A2EA-4B09-8859-631A914F9180}.Release|Any CPU.ActiveCfg = Release|Any CPU
		{803BB1A9-A2EA-4B09-8859-631A914F9180}.Release|Any CPU.Build.0 = Release|Any CPU
	EndGlobalSection
	GlobalSection(SolutionProperties) = preSolution
		HideSolutionNode = FALSE
	EndGlobalSection
EndGlobal
